
Microsoft Visual Studio Solution File, Format Version 12.00
# Visual Studio Version 16
VisualStudioVersion = 16.0.31729.503
MinimumVisualStudioVersion = 10.0.40219.1
Project("{FAE04EC0-301F-11D3-BF4B-00C04F79EFBC}") = "Calculator2", "Calculator2\Calculator2.csproj", "{D6608223-357A-4150-A745-15C8101AF818}"
EndProject
Global
	GlobalSection(SolutionConfigurationPlatforms) = preSolution
		Debug|Any CPU = Debug|Any CPU
		Release|Any CPU = Release|Any CPU
	EndGlobalSection
	GlobalSection(ProjectConfigurationPlatforms) = postSolution
		{D6608223-357A-4150-A745-15C8101AF818}.Debug|Any CPU.ActiveCfg = Debug|Any CPU
		{D6608223-357A-4150-A745-15C8101AF818}.Debug|Any CPU.Build.0 = Debug|Any CPU
		{D6608223-357A-4150-A745-15C8101AF818}.Release|Any CPU.ActiveCfg = Release|Any CPU
		{D6608223-357A-4150-A745-15C8101AF818}.Release|Any CPU.Build.0 = Release|Any CPU
	EndGlobalSection
	GlobalSection(SolutionProperties) = preSolution
		HideSolutionNode = FALSE
	EndGlobalSection
	GlobalSection(ExtensibilityGlobals) = postSolution
		SolutionGuid = {42C9639C-2ED3-4470-B179-01952D493A53}
	EndGlobalSection
EndGlobal
