
Microsoft Visual Studio Solution File, Format Version 12.00
# Visual Studio Version 16
VisualStudioVersion = 16.0.31729.503
MinimumVisualStudioVersion = 10.0.40219.1
Project("{FAE04EC0-301F-11D3-BF4B-00C04F79EFBC}") = "Lab_work_5", "Lab_work_5\Lab_work_5.csproj", "{536CB2CF-5EA1-4F94-8EC7-30C8304CBDA5}"
EndProject
Global
	GlobalSection(SolutionConfigurationPlatforms) = preSolution
		Debug|Any CPU = Debug|Any CPU
		Release|Any CPU = Release|Any CPU
	EndGlobalSection
	GlobalSection(ProjectConfigurationPlatforms) = postSolution
		{536CB2CF-5EA1-4F94-8EC7-30C8304CBDA5}.Debug|Any CPU.ActiveCfg = Debug|Any CPU
		{536CB2CF-5EA1-4F94-8EC7-30C8304CBDA5}.Debug|Any CPU.Build.0 = Debug|Any CPU
		{536CB2CF-5EA1-4F94-8EC7-30C8304CBDA5}.Release|Any CPU.ActiveCfg = Release|Any CPU
		{536CB2CF-5EA1-4F94-8EC7-30C8304CBDA5}.Release|Any CPU.Build.0 = Release|Any CPU
	EndGlobalSection
	GlobalSection(SolutionProperties) = preSolution
		HideSolutionNode = FALSE
	EndGlobalSection
	GlobalSection(ExtensibilityGlobals) = postSolution
		SolutionGuid = {23C53222-DAA9-4375-B44E-8A017BD1D0F5}
	EndGlobalSection
EndGlobal
